
Microsoft Visual Studio Solution File, Format Version 12.00
# Visual Studio Version 17
VisualStudioVersion = 17.14.36310.24 d17.14
MinimumVisualStudioVersion = 10.0.40219.1
Project("{FAE04EC0-301F-11D3-BF4B-00C04F79EFBC}") = "ECommenceMVC", "ECommenceMVC\ECommenceMVC.csproj", "{22E92FA3-8F66-4672-8965-9759D02C7B8D}"
EndProject
Project("{FAE04EC0-301F-11D3-BF4B-00C04F79EFBC}") = "ECommenceMVC.Business", "ECommenceMVC.Business\ECommenceMVC.Business.csproj", "{61C4F7B9-925E-4990-AE81-EB9374DF30C7}"
EndProject
Project("{FAE04EC0-301F-11D3-BF4B-00C04F79EFBC}") = "ECommenceMVC.DataAccess", "ECommenceMVC.DataAccess\ECommenceMVC.DataAccess.csproj", "{BA66A235-6FB6-4DFC-BB97-4BD64B4C2B4F}"
EndProject
Project("{FAE04EC0-301F-11D3-BF4B-00C04F79EFBC}") = "ECommenceMVC.Entities", "ECommenceMVC.Entities\ECommenceMVC.Entities.csproj", "{D1295B1F-B338-457D-97CF-BC77645F3C26}"
EndProject
Project("{FAE04EC0-301F-11D3-BF4B-00C04F79EFBC}") = "ECommenceMVC.Core", "ECommenceMVC.Core\ECommenceMVC.Core.csproj", "{B9A85563-46FA-4C8D-8382-531A11E6C291}"
EndProject
Global
	GlobalSection(SolutionConfigurationPlatforms) = preSolution
		Debug|Any CPU = Debug|Any CPU
		Release|Any CPU = Release|Any CPU
	EndGlobalSection
	GlobalSection(ProjectConfigurationPlatforms) = postSolution
		{22E92FA3-8F66-4672-8965-9759D02C7B8D}.Debug|Any CPU.ActiveCfg = Debug|Any CPU
		{22E92FA3-8F66-4672-8965-9759D02C7B8D}.Debug|Any CPU.Build.0 = Debug|Any CPU
		{22E92FA3-8F66-4672-8965-9759D02C7B8D}.Release|Any CPU.ActiveCfg = Release|Any CPU
		{22E92FA3-8F66-4672-8965-9759D02C7B8D}.Release|Any CPU.Build.0 = Release|Any CPU
		{61C4F7B9-925E-4990-AE81-EB9374DF30C7}.Debug|Any CPU.ActiveCfg = Debug|Any CPU
		{61C4F7B9-925E-4990-AE81-EB9374DF30C7}.Debug|Any CPU.Build.0 = Debug|Any CPU
		{61C4F7B9-925E-4990-AE81-EB9374DF30C7}.Release|Any CPU.ActiveCfg = Release|Any CPU
		{61C4F7B9-925E-4990-AE81-EB9374DF30C7}.Release|Any CPU.Build.0 = Release|Any CPU
		{BA66A235-6FB6-4DFC-BB97-4BD64B4C2B4F}.Debug|Any CPU.ActiveCfg = Debug|Any CPU
		{BA66A235-6FB6-4DFC-BB97-4BD64B4C2B4F}.Debug|Any CPU.Build.0 = Debug|Any CPU
		{BA66A235-6FB6-4DFC-BB97-4BD64B4C2B4F}.Release|Any CPU.ActiveCfg = Release|Any CPU
		{BA66A235-6FB6-4DFC-BB97-4BD64B4C2B4F}.Release|Any CPU.Build.0 = Release|Any CPU
		{D1295B1F-B338-457D-97CF-BC77645F3C26}.Debug|Any CPU.ActiveCfg = Debug|Any CPU
		{D1295B1F-B338-457D-97CF-BC77645F3C26}.Debug|Any CPU.Build.0 = Debug|Any CPU
		{D1295B1F-B338-457D-97CF-BC77645F3C26}.Release|Any CPU.ActiveCfg = Release|Any CPU
		{D1295B1F-B338-457D-97CF-BC77645F3C26}.Release|Any CPU.Build.0 = Release|Any CPU
		{B9A85563-46FA-4C8D-8382-531A11E6C291}.Debug|Any CPU.ActiveCfg = Debug|Any CPU
		{B9A85563-46FA-4C8D-8382-531A11E6C291}.Debug|Any CPU.Build.0 = Debug|Any CPU
		{B9A85563-46FA-4C8D-8382-531A11E6C291}.Release|Any CPU.ActiveCfg = Release|Any CPU
		{B9A85563-46FA-4C8D-8382-531A11E6C291}.Release|Any CPU.Build.0 = Release|Any CPU
	EndGlobalSection
	GlobalSection(SolutionProperties) = preSolution
		HideSolutionNode = FALSE
	EndGlobalSection
	GlobalSection(ExtensibilityGlobals) = postSolution
		SolutionGuid = {13A7DF20-3EC5-40B9-849D-F135BAC0A435}
	EndGlobalSection
EndGlobal
